
Microsoft Visual Studio Solution File, Format Version 12.00
# Visual Studio Version 17
VisualStudioVersion = 17.9.34701.34
MinimumVisualStudioVersion = 10.0.40219.1
Project("{FAE04EC0-301F-11D3-BF4B-00C04F79EFBC}") = "AzureFunctionIdex", "AzureFunctionIdex\AzureFunctionIdex.csproj", "{3E7B7D5E-C573-4018-9098-89944AF10FB2}"
EndProject
Global
	GlobalSection(SolutionConfigurationPlatforms) = preSolution
		Debug|Any CPU = Debug|Any CPU
		Release|Any CPU = Release|Any CPU
	EndGlobalSection
	GlobalSection(ProjectConfigurationPlatforms) = postSolution
		{3E7B7D5E-C573-4018-9098-89944AF10FB2}.Debug|Any CPU.ActiveCfg = Debug|Any CPU
		{3E7B7D5E-C573-4018-9098-89944AF10FB2}.Debug|Any CPU.Build.0 = Debug|Any CPU
		{3E7B7D5E-C573-4018-9098-89944AF10FB2}.Release|Any CPU.ActiveCfg = Release|Any CPU
		{3E7B7D5E-C573-4018-9098-89944AF10FB2}.Release|Any CPU.Build.0 = Release|Any CPU
	EndGlobalSection
	GlobalSection(SolutionProperties) = preSolution
		HideSolutionNode = FALSE
	EndGlobalSection
	GlobalSection(ExtensibilityGlobals) = postSolution
		SolutionGuid = {06E8ECDB-006D-4C3B-A89E-6DB82A3DC0E4}
	EndGlobalSection
EndGlobal
