
Microsoft Visual Studio Solution File, Format Version 12.00
# Visual Studio Version 17
VisualStudioVersion = 17.9.34701.34
MinimumVisualStudioVersion = 10.0.40219.1
Project("{FAE04EC0-301F-11D3-BF4B-00C04F79EFBC}") = "MyAzureFunction", "MyAzureFunction\MyAzureFunction.csproj", "{8F7BD8C9-0573-4173-B374-25267118C60D}"
EndProject
Global
	GlobalSection(SolutionConfigurationPlatforms) = preSolution
		Debug|Any CPU = Debug|Any CPU
		Release|Any CPU = Release|Any CPU
	EndGlobalSection
	GlobalSection(ProjectConfigurationPlatforms) = postSolution
		{8F7BD8C9-0573-4173-B374-25267118C60D}.Debug|Any CPU.ActiveCfg = Debug|Any CPU
		{8F7BD8C9-0573-4173-B374-25267118C60D}.Debug|Any CPU.Build.0 = Debug|Any CPU
		{8F7BD8C9-0573-4173-B374-25267118C60D}.Release|Any CPU.ActiveCfg = Release|Any CPU
		{8F7BD8C9-0573-4173-B374-25267118C60D}.Release|Any CPU.Build.0 = Release|Any CPU
	EndGlobalSection
	GlobalSection(SolutionProperties) = preSolution
		HideSolutionNode = FALSE
	EndGlobalSection
	GlobalSection(ExtensibilityGlobals) = postSolution
		SolutionGuid = {523F4324-EE9E-4346-BDA7-E3C803417859}
	EndGlobalSection
EndGlobal
